# Generated by pub
# See https://dart.dev/tools/pub/glossary#lockfile
packages:
  agent_dart:
    dependency: "direct main"
    description:
      name: agent_dart
      sha256: "1896ed2b715cefec4758a09d36a1d4f3cb101a334acde5e1da106b32f43202da"
      url: "https://pub.dev"
    source: hosted
    version: "1.0.0-dev.28"
  encrypt:
    dependency: "direct main"
    description:
      name: encrypt
      sha256: "896cc2b2dd852b19ca35055f0de2042b6c813a60c87f8a55f5a21836a1dc91c3"
      url: "https://pub.dev"
    source: hosted
    version: "5.0.1"
  crypto:
    dependency: "direct main"
    description:
      name: crypto
      sha256: "522818a4076873737366c7fb7f26008084c6bc254f61b590f4fcec6160472d4c"
      url: "https://pub.dev"
    source: hosted
    version: "3.0.3"
  webview_flutter:
    dependency: "direct main"
    description:
      name: webview_flutter
      sha256: "9723344cac9999ffda446f7676829f59111e24692d7b317ade70a6852d05b450"
      url: "https://pub.dev"
    source: hosted
    version: "4.2.0"
  flutter_lints:
    dependency: "direct dev"
    description:
      name: flutter_lints
      sha256: "89abc91fd8f3bb6addb6551aa342d2c7c8a3533479503ba792be497992d97d65"
      url: "https://pub.dev"
    source: hosted
    version: "2.0.0"
  flutter:
    dependency: "direct main"
    description: flutter
    source: sdk
    version: "0.0.0"

  flutter_test:
    dependency: "direct dev"
    description: flutter
    source: sdk
    version: "0.0.0"

sdks:
  dart: ">=2.19.6 <3.0.0"
  flutter: "any"
